// !$*UTF8*$!
{
	archiveVersion = 1;
	classes = {
	};
	objectVersion = 51;
	objects = {

/* Begin PBXBuildFile section */
		2B04E5EA26CAAEBE00DCEABA /* SplashVC.swift in Sources */ = {isa = PBXBuildFile; fileRef = 2B04E5E926CAAEBE00DCEABA /* SplashVC.swift */; };
		2B04E5EE26CAB6DE00DCEABA /* BlueButton.swift in Sources */ = {isa = PBXBuildFile; fileRef = 2B04E5ED26CAB6DE00DCEABA /* BlueButton.swift */; };
		2B04E5F026CABC0400DCEABA /* LightButton.swift in Sources */ = {isa = PBXBuildFile; fileRef = 2B04E5EF26CABC0400DCEABA /* LightButton.swift */; };
		2B04E5F226CACC8200DCEABA /* UIColor+Extension.swift in Sources */ = {isa = PBXBuildFile; fileRef = 2B04E5F126CACC8200DCEABA /* UIColor+Extension.swift */; };
		2B04E5F426CAD3EE00DCEABA /* UIFont+Extension.swift in Sources */ = {isa = PBXBuildFile; fileRef = 2B04E5F326CAD3EE00DCEABA /* UIFont+Extension.swift */; };
		2B04E5FA26CAD7E400DCEABA /* Lato-Regular.ttf in Resources */ = {isa = PBXBuildFile; fileRef = 2B04E5F926CAD7E400DCEABA /* Lato-Regular.ttf */; };
		2B04E5FB26CAD7EC00DCEABA /* AppleSDGothicNeoB.ttf in Resources */ = {isa = PBXBuildFile; fileRef = 2B04E5F626CAD63D00DCEABA /* AppleSDGothicNeoB.ttf */; };
		2B04E5FC26CAD7EC00DCEABA /* AppleSDGothicNeoL.ttf in Resources */ = {isa = PBXBuildFile; fileRef = 2B04E5F826CAD63D00DCEABA /* AppleSDGothicNeoL.ttf */; };
		2B04E5FD26CAD7EC00DCEABA /* AppleSDGothicNeoM.ttf in Resources */ = {isa = PBXBuildFile; fileRef = 2B04E5F726CAD63D00DCEABA /* AppleSDGothicNeoM.ttf */; };
		2B04E5FE26CAD7EF00DCEABA /* Lato-Bold.ttf in Resources */ = {isa = PBXBuildFile; fileRef = 2B04E5F526CAD45B00DCEABA /* Lato-Bold.ttf */; };
		2B20C04126CB835300037FDD /* UIView+Extension.swift in Sources */ = {isa = PBXBuildFile; fileRef = 2B20C04026CB835300037FDD /* UIView+Extension.swift */; };
		2B20C04326CB8B6E00037FDD /* BackButton.swift in Sources */ = {isa = PBXBuildFile; fileRef = 2B20C04226CB8B6E00037FDD /* BackButton.swift */; };
		2B4A8DA726CEA6740058690A /* HealthCareVC.swift in Sources */ = {isa = PBXBuildFile; fileRef = 2B4A8DA626CEA6740058690A /* HealthCareVC.swift */; };
		2BA107A826CAA44800E24A5E /* AppDelegate.swift in Sources */ = {isa = PBXBuildFile; fileRef = 2BA107A726CAA44800E24A5E /* AppDelegate.swift */; };
		2BA107AA26CAA44800E24A5E /* SceneDelegate.swift in Sources */ = {isa = PBXBuildFile; fileRef = 2BA107A926CAA44800E24A5E /* SceneDelegate.swift */; };
		2BA107AF26CAA44800E24A5E /* Main.storyboard in Resources */ = {isa = PBXBuildFile; fileRef = 2BA107AD26CAA44800E24A5E /* Main.storyboard */; };
		2BA107B126CAA44900E24A5E /* Assets.xcassets in Resources */ = {isa = PBXBuildFile; fileRef = 2BA107B026CAA44900E24A5E /* Assets.xcassets */; };
		2BA107B426CAA44900E24A5E /* LaunchScreen.storyboard in Resources */ = {isa = PBXBuildFile; fileRef = 2BA107B226CAA44900E24A5E /* LaunchScreen.storyboard */; };
		2BA107BF26CAA44900E24A5E /* DodamTests.swift in Sources */ = {isa = PBXBuildFile; fileRef = 2BA107BE26CAA44900E24A5E /* DodamTests.swift */; };
		2BA107CA26CAA44900E24A5E /* DodamUITests.swift in Sources */ = {isa = PBXBuildFile; fileRef = 2BA107C926CAA44900E24A5E /* DodamUITests.swift */; };
		2BBEE1C526CC18E5009064B9 /* MainVC.swift in Sources */ = {isa = PBXBuildFile; fileRef = 2BBEE1C426CC18E5009064B9 /* MainVC.swift */; };
		2BF6F15226D009AB0032C5F0 /* healthCareCVC.swift in Sources */ = {isa = PBXBuildFile; fileRef = 2BF6F15126D009AB0032C5F0 /* healthCareCVC.swift */; };
		2BF6F15426D009F00032C5F0 /* deviceCVC.swift in Sources */ = {isa = PBXBuildFile; fileRef = 2BF6F15326D009F00032C5F0 /* deviceCVC.swift */; };
		80BB46DECA25C14BECDE9747 /* Pods_DodamTests.framework in Frameworks */ = {isa = PBXBuildFile; fileRef = D1511BF727120DCEE08A0A8B /* Pods_DodamTests.framework */; };
		C65A38C199AFAAF039220C75 /* Pods_Dodam.framework in Frameworks */ = {isa = PBXBuildFile; fileRef = 610DAEBE4514050E1F3F6084 /* Pods_Dodam.framework */; };
		CB3444624E3BE6BFEC201497 /* Pods_Dodam_DodamUITests.framework in Frameworks */ = {isa = PBXBuildFile; fileRef = E48BFEC5B3879569D547D465 /* Pods_Dodam_DodamUITests.framework */; };
/* End PBXBuildFile section */

/* Begin PBXContainerItemProxy section */
		2BA107BB26CAA44900E24A5E /* PBXContainerItemProxy */ = {
			isa = PBXContainerItemProxy;
			containerPortal = 2BA1079C26CAA44800E24A5E /* Project object */;
			proxyType = 1;
			remoteGlobalIDString = 2BA107A326CAA44800E24A5E;
			remoteInfo = Dodam;
		};
		2BA107C626CAA44900E24A5E /* PBXContainerItemProxy */ = {
			isa = PBXContainerItemProxy;
			containerPortal = 2BA1079C26CAA44800E24A5E /* Project object */;
			proxyType = 1;
			remoteGlobalIDString = 2BA107A326CAA44800E24A5E;
			remoteInfo = Dodam;
		};
/* End PBXContainerItemProxy section */

/* Begin PBXFileReference section */
		2B04E5E926CAAEBE00DCEABA /* SplashVC.swift */ = {isa = PBXFileReference; lastKnownFileType = sourcecode.swift; path = SplashVC.swift; sourceTree = "<group>"; };
		2B04E5EB26CAB09100DCEABA /* Info.plist */ = {isa = PBXFileReference; fileEncoding = 4; lastKnownFileType = text.plist.xml; path = Info.plist; sourceTree = "<group>"; };
		2B04E5ED26CAB6DE00DCEABA /* BlueButton.swift */ = {isa = PBXFileReference; lastKnownFileType = sourcecode.swift; path = BlueButton.swift; sourceTree = "<group>"; };
		2B04E5EF26CABC0400DCEABA /* LightButton.swift */ = {isa = PBXFileReference; lastKnownFileType = sourcecode.swift; path = LightButton.swift; sourceTree = "<group>"; };
		2B04E5F126CACC8200DCEABA /* UIColor+Extension.swift */ = {isa = PBXFileReference; lastKnownFileType = sourcecode.swift; path = "UIColor+Extension.swift"; sourceTree = "<group>"; };
		2B04E5F326CAD3EE00DCEABA /* UIFont+Extension.swift */ = {isa = PBXFileReference; lastKnownFileType = sourcecode.swift; path = "UIFont+Extension.swift"; sourceTree = "<group>"; };
		2B04E5F526CAD45B00DCEABA /* Lato-Bold.ttf */ = {isa = PBXFileReference; lastKnownFileType = file; path = "Lato-Bold.ttf"; sourceTree = "<group>"; };
		2B04E5F626CAD63D00DCEABA /* AppleSDGothicNeoB.ttf */ = {isa = PBXFileReference; lastKnownFileType = file; path = AppleSDGothicNeoB.ttf; sourceTree = "<group>"; };
		2B04E5F726CAD63D00DCEABA /* AppleSDGothicNeoM.ttf */ = {isa = PBXFileReference; lastKnownFileType = file; path = AppleSDGothicNeoM.ttf; sourceTree = "<group>"; };
		2B04E5F826CAD63D00DCEABA /* AppleSDGothicNeoL.ttf */ = {isa = PBXFileReference; lastKnownFileType = file; path = AppleSDGothicNeoL.ttf; sourceTree = "<group>"; };
		2B04E5F926CAD7E400DCEABA /* Lato-Regular.ttf */ = {isa = PBXFileReference; lastKnownFileType = file; path = "Lato-Regular.ttf"; sourceTree = "<group>"; };
		2B20C04026CB835300037FDD /* UIView+Extension.swift */ = {isa = PBXFileReference; lastKnownFileType = sourcecode.swift; path = "UIView+Extension.swift"; sourceTree = "<group>"; };
		2B20C04226CB8B6E00037FDD /* BackButton.swift */ = {isa = PBXFileReference; lastKnownFileType = sourcecode.swift; path = BackButton.swift; sourceTree = "<group>"; };
		2B4A8DA626CEA6740058690A /* HealthCareVC.swift */ = {isa = PBXFileReference; lastKnownFileType = sourcecode.swift; path = HealthCareVC.swift; sourceTree = "<group>"; };
		2BA107A426CAA44800E24A5E /* Dodam.app */ = {isa = PBXFileReference; explicitFileType = wrapper.application; includeInIndex = 0; path = Dodam.app; sourceTree = BUILT_PRODUCTS_DIR; };
		2BA107A726CAA44800E24A5E /* AppDelegate.swift */ = {isa = PBXFileReference; lastKnownFileType = sourcecode.swift; path = AppDelegate.swift; sourceTree = "<group>"; };
		2BA107A926CAA44800E24A5E /* SceneDelegate.swift */ = {isa = PBXFileReference; lastKnownFileType = sourcecode.swift; path = SceneDelegate.swift; sourceTree = "<group>"; };
		2BA107AE26CAA44800E24A5E /* Base */ = {isa = PBXFileReference; lastKnownFileType = file.storyboard; name = Base; path = Base.lproj/Main.storyboard; sourceTree = "<group>"; };
		2BA107B026CAA44900E24A5E /* Assets.xcassets */ = {isa = PBXFileReference; lastKnownFileType = folder.assetcatalog; path = Assets.xcassets; sourceTree = "<group>"; };
		2BA107B326CAA44900E24A5E /* Base */ = {isa = PBXFileReference; lastKnownFileType = file.storyboard; name = Base; path = Base.lproj/LaunchScreen.storyboard; sourceTree = "<group>"; };
		2BA107BA26CAA44900E24A5E /* DodamTests.xctest */ = {isa = PBXFileReference; explicitFileType = wrapper.cfbundle; includeInIndex = 0; path = DodamTests.xctest; sourceTree = BUILT_PRODUCTS_DIR; };
		2BA107BE26CAA44900E24A5E /* DodamTests.swift */ = {isa = PBXFileReference; lastKnownFileType = sourcecode.swift; path = DodamTests.swift; sourceTree = "<group>"; };
		2BA107C026CAA44900E24A5E /* Info.plist */ = {isa = PBXFileReference; lastKnownFileType = text.plist.xml; path = Info.plist; sourceTree = "<group>"; };
		2BA107C526CAA44900E24A5E /* DodamUITests.xctest */ = {isa = PBXFileReference; explicitFileType = wrapper.cfbundle; includeInIndex = 0; path = DodamUITests.xctest; sourceTree = BUILT_PRODUCTS_DIR; };
		2BA107C926CAA44900E24A5E /* DodamUITests.swift */ = {isa = PBXFileReference; lastKnownFileType = sourcecode.swift; path = DodamUITests.swift; sourceTree = "<group>"; };
		2BA107CB26CAA44900E24A5E /* Info.plist */ = {isa = PBXFileReference; lastKnownFileType = text.plist.xml; path = Info.plist; sourceTree = "<group>"; };
		2BBEE1C426CC18E5009064B9 /* MainVC.swift */ = {isa = PBXFileReference; lastKnownFileType = sourcecode.swift; path = MainVC.swift; sourceTree = "<group>"; };
		2BF6F15126D009AB0032C5F0 /* healthCareCVC.swift */ = {isa = PBXFileReference; lastKnownFileType = sourcecode.swift; path = healthCareCVC.swift; sourceTree = "<group>"; };
		2BF6F15326D009F00032C5F0 /* deviceCVC.swift */ = {isa = PBXFileReference; lastKnownFileType = sourcecode.swift; path = deviceCVC.swift; sourceTree = "<group>"; };
		2F72BD56E147B99CE6A9357F /* Pods-DodamTests.release.xcconfig */ = {isa = PBXFileReference; includeInIndex = 1; lastKnownFileType = text.xcconfig; name = "Pods-DodamTests.release.xcconfig"; path = "Target Support Files/Pods-DodamTests/Pods-DodamTests.release.xcconfig"; sourceTree = "<group>"; };
		43C4EF238D6DC5F1475E64C8 /* Pods-DodamTests.debug.xcconfig */ = {isa = PBXFileReference; includeInIndex = 1; lastKnownFileType = text.xcconfig; name = "Pods-DodamTests.debug.xcconfig"; path = "Target Support Files/Pods-DodamTests/Pods-DodamTests.debug.xcconfig"; sourceTree = "<group>"; };
		5D94BB97EC2A4890029D2412 /* Pods-Dodam.debug.xcconfig */ = {isa = PBXFileReference; includeInIndex = 1; lastKnownFileType = text.xcconfig; name = "Pods-Dodam.debug.xcconfig"; path = "Target Support Files/Pods-Dodam/Pods-Dodam.debug.xcconfig"; sourceTree = "<group>"; };
		610DAEBE4514050E1F3F6084 /* Pods_Dodam.framework */ = {isa = PBXFileReference; explicitFileType = wrapper.framework; includeInIndex = 0; path = Pods_Dodam.framework; sourceTree = BUILT_PRODUCTS_DIR; };
		CB03FD02FDAE6F3F8C467320 /* Pods-Dodam-DodamUITests.debug.xcconfig */ = {isa = PBXFileReference; includeInIndex = 1; lastKnownFileType = text.xcconfig; name = "Pods-Dodam-DodamUITests.debug.xcconfig"; path = "Target Support Files/Pods-Dodam-DodamUITests/Pods-Dodam-DodamUITests.debug.xcconfig"; sourceTree = "<group>"; };
		D1511BF727120DCEE08A0A8B /* Pods_DodamTests.framework */ = {isa = PBXFileReference; explicitFileType = wrapper.framework; includeInIndex = 0; path = Pods_DodamTests.framework; sourceTree = BUILT_PRODUCTS_DIR; };
		E13D0A3632B2FE4EC9980054 /* Pods-Dodam-DodamUITests.release.xcconfig */ = {isa = PBXFileReference; includeInIndex = 1; lastKnownFileType = text.xcconfig; name = "Pods-Dodam-DodamUITests.release.xcconfig"; path = "Target Support Files/Pods-Dodam-DodamUITests/Pods-Dodam-DodamUITests.release.xcconfig"; sourceTree = "<group>"; };
		E19B56F8633F444ECA7EA776 /* Pods-Dodam.release.xcconfig */ = {isa = PBXFileReference; includeInIndex = 1; lastKnownFileType = text.xcconfig; name = "Pods-Dodam.release.xcconfig"; path = "Target Support Files/Pods-Dodam/Pods-Dodam.release.xcconfig"; sourceTree = "<group>"; };
		E48BFEC5B3879569D547D465 /* Pods_Dodam_DodamUITests.framework */ = {isa = PBXFileReference; explicitFileType = wrapper.framework; includeInIndex = 0; path = Pods_Dodam_DodamUITests.framework; sourceTree = BUILT_PRODUCTS_DIR; };
/* End PBXFileReference section */

/* Begin PBXFrameworksBuildPhase section */
		2BA107A126CAA44800E24A5E /* Frameworks */ = {
			isa = PBXFrameworksBuildPhase;
			buildActionMask = 2147483647;
			files = (
				C65A38C199AFAAF039220C75 /* Pods_Dodam.framework in Frameworks */,
			);
			runOnlyForDeploymentPostprocessing = 0;
		};
		2BA107B726CAA44900E24A5E /* Frameworks */ = {
			isa = PBXFrameworksBuildPhase;
			buildActionMask = 2147483647;
			files = (
				80BB46DECA25C14BECDE9747 /* Pods_DodamTests.framework in Frameworks */,
			);
			runOnlyForDeploymentPostprocessing = 0;
		};
		2BA107C226CAA44900E24A5E /* Frameworks */ = {
			isa = PBXFrameworksBuildPhase;
			buildActionMask = 2147483647;
			files = (
				CB3444624E3BE6BFEC201497 /* Pods_Dodam_DodamUITests.framework in Frameworks */,
			);
			runOnlyForDeploymentPostprocessing = 0;
		};
/* End PBXFrameworksBuildPhase section */

/* Begin PBXGroup section */
		2BA1079B26CAA44800E24A5E = {
			isa = PBXGroup;
			children = (
				2BA107A626CAA44800E24A5E /* Dodam */,
				2BA107BD26CAA44900E24A5E /* DodamTests */,
				2BA107C826CAA44900E24A5E /* DodamUITests */,
				2BA107A526CAA44800E24A5E /* Products */,
				7F1A2385E1D8644AD3547327 /* Pods */,
				A4AB934A55B536D5552AD2E1 /* Frameworks */,
			);
			sourceTree = "<group>";
		};
		2BA107A526CAA44800E24A5E /* Products */ = {
			isa = PBXGroup;
			children = (
				2BA107A426CAA44800E24A5E /* Dodam.app */,
				2BA107BA26CAA44900E24A5E /* DodamTests.xctest */,
				2BA107C526CAA44900E24A5E /* DodamUITests.xctest */,
			);
			name = Products;
			sourceTree = "<group>";
		};
		2BA107A626CAA44800E24A5E /* Dodam */ = {
			isa = PBXGroup;
			children = (
				2BA107D826CAA49C00E24A5E /* Source */,
				2BA107D726CAA48D00E24A5E /* Resource */,
			);
			path = Dodam;
			sourceTree = "<group>";
		};
		2BA107BD26CAA44900E24A5E /* DodamTests */ = {
			isa = PBXGroup;
			children = (
				2BA107BE26CAA44900E24A5E /* DodamTests.swift */,
				2BA107C026CAA44900E24A5E /* Info.plist */,
			);
			path = DodamTests;
			sourceTree = "<group>";
		};
		2BA107C826CAA44900E24A5E /* DodamUITests */ = {
			isa = PBXGroup;
			children = (
				2BA107C926CAA44900E24A5E /* DodamUITests.swift */,
				2BA107CB26CAA44900E24A5E /* Info.plist */,
			);
			path = DodamUITests;
			sourceTree = "<group>";
		};
		2BA107D726CAA48D00E24A5E /* Resource */ = {
			isa = PBXGroup;
			children = (
				2B04E5EB26CAB09100DCEABA /* Info.plist */,
				2BA107B026CAA44900E24A5E /* Assets.xcassets */,
				2BA107E226CAA57000E24A5E /* Fonts */,
				2BA107E126CAA56100E24A5E /* APIServices */,
				2BA107E026CAA54D00E24A5E /* Storyboards */,
			);
			path = Resource;
			sourceTree = "<group>";
		};
		2BA107D826CAA49C00E24A5E /* Source */ = {
			isa = PBXGroup;
			children = (
				2BA107D926CAA4E700E24A5E /* Extensions */,
				2BA107DA26CAA4EF00E24A5E /* Models */,
				2BA107DF26CAA52A00E24A5E /* ViewModels */,
				2BA107DE26CAA52100E24A5E /* Components */,
				2BA107DD26CAA51900E24A5E /* Cells */,
				2BA107DC26CAA51000E24A5E /* ViewControllers */,
				2BA107DB26CAA4F800E24A5E /* Supports */,
			);
			path = Source;
			sourceTree = "<group>";
		};
		2BA107D926CAA4E700E24A5E /* Extensions */ = {
			isa = PBXGroup;
			children = (
				2B04E5F126CACC8200DCEABA /* UIColor+Extension.swift */,
				2B04E5F326CAD3EE00DCEABA /* UIFont+Extension.swift */,
				2B20C04026CB835300037FDD /* UIView+Extension.swift */,
			);
			path = Extensions;
			sourceTree = "<group>";
		};
		2BA107DA26CAA4EF00E24A5E /* Models */ = {
			isa = PBXGroup;
			children = (
			);
			path = Models;
			sourceTree = "<group>";
		};
		2BA107DB26CAA4F800E24A5E /* Supports */ = {
			isa = PBXGroup;
			children = (
				2BA107A726CAA44800E24A5E /* AppDelegate.swift */,
				2BA107A926CAA44800E24A5E /* SceneDelegate.swift */,
			);
			path = Supports;
			sourceTree = "<group>";
		};
		2BA107DC26CAA51000E24A5E /* ViewControllers */ = {
			isa = PBXGroup;
			children = (
				2B04E5E926CAAEBE00DCEABA /* SplashVC.swift */,
				2BBEE1C426CC18E5009064B9 /* MainVC.swift */,
				2B4A8DA626CEA6740058690A /* HealthCareVC.swift */,
			);
			path = ViewControllers;
			sourceTree = "<group>";
		};
		2BA107DD26CAA51900E24A5E /* Cells */ = {
			isa = PBXGroup;
			children = (
				2BF6F15126D009AB0032C5F0 /* healthCareCVC.swift */,
				2BF6F15326D009F00032C5F0 /* deviceCVC.swift */,
			);
			path = Cells;
			sourceTree = "<group>";
		};
		2BA107DE26CAA52100E24A5E /* Components */ = {
			isa = PBXGroup;
			children = (
				2B04E5ED26CAB6DE00DCEABA /* BlueButton.swift */,
				2B04E5EF26CABC0400DCEABA /* LightButton.swift */,
				2B20C04226CB8B6E00037FDD /* BackButton.swift */,
			);
			path = Components;
			sourceTree = "<group>";
		};
		2BA107DF26CAA52A00E24A5E /* ViewModels */ = {
			isa = PBXGroup;
			children = (
			);
			path = ViewModels;
			sourceTree = "<group>";
		};
		2BA107E026CAA54D00E24A5E /* Storyboards */ = {
			isa = PBXGroup;
			children = (
				2BA107AD26CAA44800E24A5E /* Main.storyboard */,
				2BA107B226CAA44900E24A5E /* LaunchScreen.storyboard */,
			);
			path = Storyboards;
			sourceTree = "<group>";
		};
		2BA107E126CAA56100E24A5E /* APIServices */ = {
			isa = PBXGroup;
			children = (
			);
			path = APIServices;
			sourceTree = "<group>";
		};
		2BA107E226CAA57000E24A5E /* Fonts */ = {
			isa = PBXGroup;
			children = (
				2B04E5F526CAD45B00DCEABA /* Lato-Bold.ttf */,
				2B04E5F926CAD7E400DCEABA /* Lato-Regular.ttf */,
				2B04E5F626CAD63D00DCEABA /* AppleSDGothicNeoB.ttf */,
				2B04E5F826CAD63D00DCEABA /* AppleSDGothicNeoL.ttf */,
				2B04E5F726CAD63D00DCEABA /* AppleSDGothicNeoM.ttf */,
			);
			path = Fonts;
			sourceTree = "<group>";
		};
		7F1A2385E1D8644AD3547327 /* Pods */ = {
			isa = PBXGroup;
			children = (
				5D94BB97EC2A4890029D2412 /* Pods-Dodam.debug.xcconfig */,
				E19B56F8633F444ECA7EA776 /* Pods-Dodam.release.xcconfig */,
				CB03FD02FDAE6F3F8C467320 /* Pods-Dodam-DodamUITests.debug.xcconfig */,
				E13D0A3632B2FE4EC9980054 /* Pods-Dodam-DodamUITests.release.xcconfig */,
				43C4EF238D6DC5F1475E64C8 /* Pods-DodamTests.debug.xcconfig */,
				2F72BD56E147B99CE6A9357F /* Pods-DodamTests.release.xcconfig */,
			);
			path = Pods;
			sourceTree = "<group>";
		};
		A4AB934A55B536D5552AD2E1 /* Frameworks */ = {
			isa = PBXGroup;
			children = (
				610DAEBE4514050E1F3F6084 /* Pods_Dodam.framework */,
				E48BFEC5B3879569D547D465 /* Pods_Dodam_DodamUITests.framework */,
				D1511BF727120DCEE08A0A8B /* Pods_DodamTests.framework */,
			);
			name = Frameworks;
			sourceTree = "<group>";
		};
/* End PBXGroup section */

/* Begin PBXNativeTarget section */
		2BA107A326CAA44800E24A5E /* Dodam */ = {
			isa = PBXNativeTarget;
			buildConfigurationList = 2BA107CE26CAA44900E24A5E /* Build configuration list for PBXNativeTarget "Dodam" */;
			buildPhases = (
				BEF51FF0D4B018113B742D61 /* [CP] Check Pods Manifest.lock */,
				2BA107A026CAA44800E24A5E /* Sources */,
				2BA107A126CAA44800E24A5E /* Frameworks */,
				2BA107A226CAA44800E24A5E /* Resources */,
				77A55B21729BEB7E1EBA9970 /* [CP] Embed Pods Frameworks */,
			);
			buildRules = (
			);
			dependencies = (
			);
			name = Dodam;
			productName = Dodam;
			productReference = 2BA107A426CAA44800E24A5E /* Dodam.app */;
			productType = "com.apple.product-type.application";
		};
		2BA107B926CAA44900E24A5E /* DodamTests */ = {
			isa = PBXNativeTarget;
			buildConfigurationList = 2BA107D126CAA44900E24A5E /* Build configuration list for PBXNativeTarget "DodamTests" */;
			buildPhases = (
				604FE3F468512ABD19FB9B53 /* [CP] Check Pods Manifest.lock */,
				2BA107B626CAA44900E24A5E /* Sources */,
				2BA107B726CAA44900E24A5E /* Frameworks */,
				2BA107B826CAA44900E24A5E /* Resources */,
			);
			buildRules = (
			);
			dependencies = (
				2BA107BC26CAA44900E24A5E /* PBXTargetDependency */,
			);
			name = DodamTests;
			productName = DodamTests;
			productReference = 2BA107BA26CAA44900E24A5E /* DodamTests.xctest */;
			productType = "com.apple.product-type.bundle.unit-test";
		};
		2BA107C426CAA44900E24A5E /* DodamUITests */ = {
			isa = PBXNativeTarget;
			buildConfigurationList = 2BA107D426CAA44900E24A5E /* Build configuration list for PBXNativeTarget "DodamUITests" */;
			buildPhases = (
				EF958E3ADBD15C674C81E7F4 /* [CP] Check Pods Manifest.lock */,
				2BA107C126CAA44900E24A5E /* Sources */,
				2BA107C226CAA44900E24A5E /* Frameworks */,
				2BA107C326CAA44900E24A5E /* Resources */,
				8A2148AA7C1848745B6AC0F0 /* [CP] Embed Pods Frameworks */,
			);
			buildRules = (
			);
			dependencies = (
				2BA107C726CAA44900E24A5E /* PBXTargetDependency */,
			);
			name = DodamUITests;
			productName = DodamUITests;
			productReference = 2BA107C526CAA44900E24A5E /* DodamUITests.xctest */;
			productType = "com.apple.product-type.bundle.ui-testing";
		};
/* End PBXNativeTarget section */

/* Begin PBXProject section */
		2BA1079C26CAA44800E24A5E /* Project object */ = {
			isa = PBXProject;
			attributes = {
				LastSwiftUpdateCheck = 1250;
				LastUpgradeCheck = 1250;
				TargetAttributes = {
					2BA107A326CAA44800E24A5E = {
						CreatedOnToolsVersion = 12.5.1;
					};
					2BA107B926CAA44900E24A5E = {
						CreatedOnToolsVersion = 12.5.1;
						TestTargetID = 2BA107A326CAA44800E24A5E;
					};
					2BA107C426CAA44900E24A5E = {
						CreatedOnToolsVersion = 12.5.1;
						TestTargetID = 2BA107A326CAA44800E24A5E;
					};
				};
			};
			buildConfigurationList = 2BA1079F26CAA44800E24A5E /* Build configuration list for PBXProject "Dodam" */;
			compatibilityVersion = "Xcode 9.3";
			developmentRegion = en;
			hasScannedForEncodings = 0;
			knownRegions = (
				en,
				Base,
			);
			mainGroup = 2BA1079B26CAA44800E24A5E;
			productRefGroup = 2BA107A526CAA44800E24A5E /* Products */;
			projectDirPath = "";
			projectRoot = "";
			targets = (
				2BA107A326CAA44800E24A5E /* Dodam */,
				2BA107B926CAA44900E24A5E /* DodamTests */,
				2BA107C426CAA44900E24A5E /* DodamUITests */,
			);
		};
/* End PBXProject section */

/* Begin PBXResourcesBuildPhase section */
		2BA107A226CAA44800E24A5E /* Resources */ = {
			isa = PBXResourcesBuildPhase;
			buildActionMask = 2147483647;
			files = (
				2BA107B426CAA44900E24A5E /* LaunchScreen.storyboard in Resources */,
				2B04E5FD26CAD7EC00DCEABA /* AppleSDGothicNeoM.ttf in Resources */,
				2B04E5FB26CAD7EC00DCEABA /* AppleSDGothicNeoB.ttf in Resources */,
				2B04E5FC26CAD7EC00DCEABA /* AppleSDGothicNeoL.ttf in Resources */,
				2BA107B126CAA44900E24A5E /* Assets.xcassets in Resources */,
				2BA107AF26CAA44800E24A5E /* Main.storyboard in Resources */,
				2B04E5FA26CAD7E400DCEABA /* Lato-Regular.ttf in Resources */,
				2B04E5FE26CAD7EF00DCEABA /* Lato-Bold.ttf in Resources */,
			);
			runOnlyForDeploymentPostprocessing = 0;
		};
		2BA107B826CAA44900E24A5E /* Resources */ = {
			isa = PBXResourcesBuildPhase;
			buildActionMask = 2147483647;
			files = (
			);
			runOnlyForDeploymentPostprocessing = 0;
		};
		2BA107C326CAA44900E24A5E /* Resources */ = {
			isa = PBXResourcesBuildPhase;
			buildActionMask = 2147483647;
			files = (
			);
			runOnlyForDeploymentPostprocessing = 0;
		};
/* End PBXResourcesBuildPhase section */

/* Begin PBXShellScriptBuildPhase section */
		604FE3F468512ABD19FB9B53 /* [CP] Check Pods Manifest.lock */ = {
			isa = PBXShellScriptBuildPhase;
			buildActionMask = 2147483647;
			files = (
			);
			inputFileListPaths = (
			);
			inputPaths = (
				"${PODS_PODFILE_DIR_PATH}/Podfile.lock",
				"${PODS_ROOT}/Manifest.lock",
			);
			name = "[CP] Check Pods Manifest.lock";
			outputFileListPaths = (
			);
			outputPaths = (
				"$(DERIVED_FILE_DIR)/Pods-DodamTests-checkManifestLockResult.txt",
			);
			runOnlyForDeploymentPostprocessing = 0;
			shellPath = /bin/sh;
			shellScript = "diff \"${PODS_PODFILE_DIR_PATH}/Podfile.lock\" \"${PODS_ROOT}/Manifest.lock\" > /dev/null\nif [ $? != 0 ] ; then\n    # print error to STDERR\n    echo \"error: The sandbox is not in sync with the Podfile.lock. Run 'pod install' or update your CocoaPods installation.\" >&2\n    exit 1\nfi\n# This output is used by Xcode 'outputs' to avoid re-running this script phase.\necho \"SUCCESS\" > \"${SCRIPT_OUTPUT_FILE_0}\"\n";
			showEnvVarsInLog = 0;
		};
		77A55B21729BEB7E1EBA9970 /* [CP] Embed Pods Frameworks */ = {
			isa = PBXShellScriptBuildPhase;
			buildActionMask = 2147483647;
			files = (
			);
			inputFileListPaths = (
				"${PODS_ROOT}/Target Support Files/Pods-Dodam/Pods-Dodam-frameworks-${CONFIGURATION}-input-files.xcfilelist",
			);
			name = "[CP] Embed Pods Frameworks";
			outputFileListPaths = (
				"${PODS_ROOT}/Target Support Files/Pods-Dodam/Pods-Dodam-frameworks-${CONFIGURATION}-output-files.xcfilelist",
			);
			runOnlyForDeploymentPostprocessing = 0;
			shellPath = /bin/sh;
			shellScript = "\"${PODS_ROOT}/Target Support Files/Pods-Dodam/Pods-Dodam-frameworks.sh\"\n";
			showEnvVarsInLog = 0;
		};
		8A2148AA7C1848745B6AC0F0 /* [CP] Embed Pods Frameworks */ = {
			isa = PBXShellScriptBuildPhase;
			buildActionMask = 2147483647;
			files = (
			);
			inputFileListPaths = (
				"${PODS_ROOT}/Target Support Files/Pods-Dodam-DodamUITests/Pods-Dodam-DodamUITests-frameworks-${CONFIGURATION}-input-files.xcfilelist",
			);
			name = "[CP] Embed Pods Frameworks";
			outputFileListPaths = (
				"${PODS_ROOT}/Target Support Files/Pods-Dodam-DodamUITests/Pods-Dodam-DodamUITests-frameworks-${CONFIGURATION}-output-files.xcfilelist",
			);
			runOnlyForDeploymentPostprocessing = 0;
			shellPath = /bin/sh;
			shellScript = "\"${PODS_ROOT}/Target Support Files/Pods-Dodam-DodamUITests/Pods-Dodam-DodamUITests-frameworks.sh\"\n";
			showEnvVarsInLog = 0;
		};
		BEF51FF0D4B018113B742D61 /* [CP] Check Pods Manifest.lock */ = {
			isa = PBXShellScriptBuildPhase;
			buildActionMask = 2147483647;
			files = (
			);
			inputFileListPaths = (
			);
			inputPaths = (
				"${PODS_PODFILE_DIR_PATH}/Podfile.lock",
				"${PODS_ROOT}/Manifest.lock",
			);
			name = "[CP] Check Pods Manifest.lock";
			outputFileListPaths = (
			);
			outputPaths = (
				"$(DERIVED_FILE_DIR)/Pods-Dodam-checkManifestLockResult.txt",
			);
			runOnlyForDeploymentPostprocessing = 0;
			shellPath = /bin/sh;
			shellScript = "diff \"${PODS_PODFILE_DIR_PATH}/Podfile.lock\" \"${PODS_ROOT}/Manifest.lock\" > /dev/null\nif [ $? != 0 ] ; then\n    # print error to STDERR\n    echo \"error: The sandbox is not in sync with the Podfile.lock. Run 'pod install' or update your CocoaPods installation.\" >&2\n    exit 1\nfi\n# This output is used by Xcode 'outputs' to avoid re-running this script phase.\necho \"SUCCESS\" > \"${SCRIPT_OUTPUT_FILE_0}\"\n";
			showEnvVarsInLog = 0;
		};
		EF958E3ADBD15C674C81E7F4 /* [CP] Check Pods Manifest.lock */ = {
			isa = PBXShellScriptBuildPhase;
			buildActionMask = 2147483647;
			files = (
			);
			inputFileListPaths = (
			);
			inputPaths = (
				"${PODS_PODFILE_DIR_PATH}/Podfile.lock",
				"${PODS_ROOT}/Manifest.lock",
			);
			name = "[CP] Check Pods Manifest.lock";
			outputFileListPaths = (
			);
			outputPaths = (
				"$(DERIVED_FILE_DIR)/Pods-Dodam-DodamUITests-checkManifestLockResult.txt",
			);
			runOnlyForDeploymentPostprocessing = 0;
			shellPath = /bin/sh;
			shellScript = "diff \"${PODS_PODFILE_DIR_PATH}/Podfile.lock\" \"${PODS_ROOT}/Manifest.lock\" > /dev/null\nif [ $? != 0 ] ; then\n    # print error to STDERR\n    echo \"error: The sandbox is not in sync with the Podfile.lock. Run 'pod install' or update your CocoaPods installation.\" >&2\n    exit 1\nfi\n# This output is used by Xcode 'outputs' to avoid re-running this script phase.\necho \"SUCCESS\" > \"${SCRIPT_OUTPUT_FILE_0}\"\n";
			showEnvVarsInLog = 0;
		};
/* End PBXShellScriptBuildPhase section */

/* Begin PBXSourcesBuildPhase section */
		2BA107A026CAA44800E24A5E /* Sources */ = {
			isa = PBXSourcesBuildPhase;
			buildActionMask = 2147483647;
			files = (
				2B4A8DA726CEA6740058690A /* HealthCareVC.swift in Sources */,
				2B04E5F426CAD3EE00DCEABA /* UIFont+Extension.swift in Sources */,
				2BBEE1C526CC18E5009064B9 /* MainVC.swift in Sources */,
				2BA107A826CAA44800E24A5E /* AppDelegate.swift in Sources */,
				2B20C04126CB835300037FDD /* UIView+Extension.swift in Sources */,
				2BA107AA26CAA44800E24A5E /* SceneDelegate.swift in Sources */,
				2B04E5EA26CAAEBE00DCEABA /* SplashVC.swift in Sources */,
				2BF6F15426D009F00032C5F0 /* deviceCVC.swift in Sources */,
				2BF6F15226D009AB0032C5F0 /* healthCareCVC.swift in Sources */,
				2B20C04326CB8B6E00037FDD /* BackButton.swift in Sources */,
				2B04E5F226CACC8200DCEABA /* UIColor+Extension.swift in Sources */,
				2B04E5F026CABC0400DCEABA /* LightButton.swift in Sources */,
				2B04E5EE26CAB6DE00DCEABA /* BlueButton.swift in Sources */,
			);
			runOnlyForDeploymentPostprocessing = 0;
		};
		2BA107B626CAA44900E24A5E /* Sources */ = {
			isa = PBXSourcesBuildPhase;
			buildActionMask = 2147483647;
			files = (
				2BA107BF26CAA44900E24A5E /* DodamTests.swift in Sources */,
			);
			runOnlyForDeploymentPostprocessing = 0;
		};
		2BA107C126CAA44900E24A5E /* Sources */ = {
			isa = PBXSourcesBuildPhase;
			buildActionMask = 2147483647;
			files = (
				2BA107CA26CAA44900E24A5E /* DodamUITests.swift in Sources */,
			);
			runOnlyForDeploymentPostprocessing = 0;
		};
/* End PBXSourcesBuildPhase section */

/* Begin PBXTargetDependency section */
		2BA107BC26CAA44900E24A5E /* PBXTargetDependency */ = {
			isa = PBXTargetDependency;
			target = 2BA107A326CAA44800E24A5E /* Dodam */;
			targetProxy = 2BA107BB26CAA44900E24A5E /* PBXContainerItemProxy */;
		};
		2BA107C726CAA44900E24A5E /* PBXTargetDependency */ = {
			isa = PBXTargetDependency;
			target = 2BA107A326CAA44800E24A5E /* Dodam */;
			targetProxy = 2BA107C626CAA44900E24A5E /* PBXContainerItemProxy */;
		};
/* End PBXTargetDependency section */

/* Begin PBXVariantGroup section */
		2BA107AD26CAA44800E24A5E /* Main.storyboard */ = {
			isa = PBXVariantGroup;
			children = (
				2BA107AE26CAA44800E24A5E /* Base */,
			);
			name = Main.storyboard;
			sourceTree = "<group>";
		};
		2BA107B226CAA44900E24A5E /* LaunchScreen.storyboard */ = {
			isa = PBXVariantGroup;
			children = (
				2BA107B326CAA44900E24A5E /* Base */,
			);
			name = LaunchScreen.storyboard;
			sourceTree = "<group>";
		};
/* End PBXVariantGroup section */

/* Begin XCBuildConfiguration section */
		2BA107CC26CAA44900E24A5E /* Debug */ = {
			isa = XCBuildConfiguration;
			buildSettings = {
				ALWAYS_SEARCH_USER_PATHS = NO;
				CLANG_ANALYZER_NONNULL = YES;
				CLANG_ANALYZER_NUMBER_OBJECT_CONVERSION = YES_AGGRESSIVE;
				CLANG_CXX_LANGUAGE_STANDARD = "gnu++14";
				CLANG_CXX_LIBRARY = "libc++";
				CLANG_ENABLE_MODULES = YES;
				CLANG_ENABLE_OBJC_ARC = YES;
				CLANG_ENABLE_OBJC_WEAK = YES;
				CLANG_WARN_BLOCK_CAPTURE_AUTORELEASING = YES;
				CLANG_WARN_BOOL_CONVERSION = YES;
				CLANG_WARN_COMMA = YES;
				CLANG_WARN_CONSTANT_CONVERSION = YES;
				CLANG_WARN_DEPRECATED_OBJC_IMPLEMENTATIONS = YES;
				CLANG_WARN_DIRECT_OBJC_ISA_USAGE = YES_ERROR;
				CLANG_WARN_DOCUMENTATION_COMMENTS = YES;
				CLANG_WARN_EMPTY_BODY = YES;
				CLANG_WARN_ENUM_CONVERSION = YES;
				CLANG_WARN_INFINITE_RECURSION = YES;
				CLANG_WARN_INT_CONVERSION = YES;
				CLANG_WARN_NON_LITERAL_NULL_CONVERSION = YES;
				CLANG_WARN_OBJC_IMPLICIT_RETAIN_SELF = YES;
				CLANG_WARN_OBJC_LITERAL_CONVERSION = YES;
				CLANG_WARN_OBJC_ROOT_CLASS = YES_ERROR;
				CLANG_WARN_QUOTED_INCLUDE_IN_FRAMEWORK_HEADER = YES;
				CLANG_WARN_RANGE_LOOP_ANALYSIS = YES;
				CLANG_WARN_STRICT_PROTOTYPES = YES;
				CLANG_WARN_SUSPICIOUS_MOVE = YES;
				CLANG_WARN_UNGUARDED_AVAILABILITY = YES_AGGRESSIVE;
				CLANG_WARN_UNREACHABLE_CODE = YES;
				CLANG_WARN__DUPLICATE_METHOD_MATCH = YES;
				COPY_PHASE_STRIP = NO;
				DEBUG_INFORMATION_FORMAT = dwarf;
				ENABLE_STRICT_OBJC_MSGSEND = YES;
				ENABLE_TESTABILITY = YES;
				GCC_C_LANGUAGE_STANDARD = gnu11;
				GCC_DYNAMIC_NO_PIC = NO;
				GCC_NO_COMMON_BLOCKS = YES;
				GCC_OPTIMIZATION_LEVEL = 0;
				GCC_PREPROCESSOR_DEFINITIONS = (
					"DEBUG=1",
					"$(inherited)",
				);
				GCC_WARN_64_TO_32_BIT_CONVERSION = YES;
				GCC_WARN_ABOUT_RETURN_TYPE = YES_ERROR;
				GCC_WARN_UNDECLARED_SELECTOR = YES;
				GCC_WARN_UNINITIALIZED_AUTOS = YES_AGGRESSIVE;
				GCC_WARN_UNUSED_FUNCTION = YES;
				GCC_WARN_UNUSED_VARIABLE = YES;
				IPHONEOS_DEPLOYMENT_TARGET = 14.5;
				MTL_ENABLE_DEBUG_INFO = INCLUDE_SOURCE;
				MTL_FAST_MATH = YES;
				ONLY_ACTIVE_ARCH = YES;
				SDKROOT = iphoneos;
				SWIFT_ACTIVE_COMPILATION_CONDITIONS = DEBUG;
				SWIFT_OPTIMIZATION_LEVEL = "-Onone";
			};
			name = Debug;
		};
		2BA107CD26CAA44900E24A5E /* Release */ = {
			isa = XCBuildConfiguration;
			buildSettings = {
				ALWAYS_SEARCH_USER_PATHS = NO;
				CLANG_ANALYZER_NONNULL = YES;
				CLANG_ANALYZER_NUMBER_OBJECT_CONVERSION = YES_AGGRESSIVE;
				CLANG_CXX_LANGUAGE_STANDARD = "gnu++14";
				CLANG_CXX_LIBRARY = "libc++";
				CLANG_ENABLE_MODULES = YES;
				CLANG_ENABLE_OBJC_ARC = YES;
				CLANG_ENABLE_OBJC_WEAK = YES;
				CLANG_WARN_BLOCK_CAPTURE_AUTORELEASING = YES;
				CLANG_WARN_BOOL_CONVERSION = YES;
				CLANG_WARN_COMMA = YES;
				CLANG_WARN_CONSTANT_CONVERSION = YES;
				CLANG_WARN_DEPRECATED_OBJC_IMPLEMENTATIONS = YES;
				CLANG_WARN_DIRECT_OBJC_ISA_USAGE = YES_ERROR;
				CLANG_WARN_DOCUMENTATION_COMMENTS = YES;
				CLANG_WARN_EMPTY_BODY = YES;
				CLANG_WARN_ENUM_CONVERSION = YES;
				CLANG_WARN_INFINITE_RECURSION = YES;
				CLANG_WARN_INT_CONVERSION = YES;
				CLANG_WARN_NON_LITERAL_NULL_CONVERSION = YES;
				CLANG_WARN_OBJC_IMPLICIT_RETAIN_SELF = YES;
				CLANG_WARN_OBJC_LITERAL_CONVERSION = YES;
				CLANG_WARN_OBJC_ROOT_CLASS = YES_ERROR;
				CLANG_WARN_QUOTED_INCLUDE_IN_FRAMEWORK_HEADER = YES;
				CLANG_WARN_RANGE_LOOP_ANALYSIS = YES;
				CLANG_WARN_STRICT_PROTOTYPES = YES;
				CLANG_WARN_SUSPICIOUS_MOVE = YES;
				CLANG_WARN_UNGUARDED_AVAILABILITY = YES_AGGRESSIVE;
				CLANG_WARN_UNREACHABLE_CODE = YES;
				CLANG_WARN__DUPLICATE_METHOD_MATCH = YES;
				COPY_PHASE_STRIP = NO;
				DEBUG_INFORMATION_FORMAT = "dwarf-with-dsym";
				ENABLE_NS_ASSERTIONS = NO;
				ENABLE_STRICT_OBJC_MSGSEND = YES;
				GCC_C_LANGUAGE_STANDARD = gnu11;
				GCC_NO_COMMON_BLOCKS = YES;
				GCC_WARN_64_TO_32_BIT_CONVERSION = YES;
				GCC_WARN_ABOUT_RETURN_TYPE = YES_ERROR;
				GCC_WARN_UNDECLARED_SELECTOR = YES;
				GCC_WARN_UNINITIALIZED_AUTOS = YES_AGGRESSIVE;
				GCC_WARN_UNUSED_FUNCTION = YES;
				GCC_WARN_UNUSED_VARIABLE = YES;
				IPHONEOS_DEPLOYMENT_TARGET = 14.5;
				MTL_ENABLE_DEBUG_INFO = NO;
				MTL_FAST_MATH = YES;
				SDKROOT = iphoneos;
				SWIFT_COMPILATION_MODE = wholemodule;
				SWIFT_OPTIMIZATION_LEVEL = "-O";
				VALIDATE_PRODUCT = YES;
			};
			name = Release;
		};
		2BA107CF26CAA44900E24A5E /* Debug */ = {
			isa = XCBuildConfiguration;
			baseConfigurationReference = 5D94BB97EC2A4890029D2412 /* Pods-Dodam.debug.xcconfig */;
			buildSettings = {
				ASSETCATALOG_COMPILER_APPICON_NAME = AppIcon;
				ASSETCATALOG_COMPILER_GLOBAL_ACCENT_COLOR_NAME = AccentColor;
				CODE_SIGN_STYLE = Automatic;
				DEVELOPMENT_TEAM = 6L372B2RJ6;
				INFOPLIST_FILE = "$(SRCROOT)/Dodam/Resource/Info.plist";
				LD_RUNPATH_SEARCH_PATHS = (
					"$(inherited)",
					"@executable_path/Frameworks",
				);
				PRODUCT_BUNDLE_IDENTIFIER = subin.Dodam;
				PRODUCT_NAME = "$(TARGET_NAME)";
				SWIFT_VERSION = 5.0;
				TARGETED_DEVICE_FAMILY = "1,2";
			};
			name = Debug;
		};
		2BA107D026CAA44900E24A5E /* Release */ = {
			isa = XCBuildConfiguration;
			baseConfigurationReference = E19B56F8633F444ECA7EA776 /* Pods-Dodam.release.xcconfig */;
			buildSettings = {
				ASSETCATALOG_COMPILER_APPICON_NAME = AppIcon;
				ASSETCATALOG_COMPILER_GLOBAL_ACCENT_COLOR_NAME = AccentColor;
				CODE_SIGN_STYLE = Automatic;
				DEVELOPMENT_TEAM = 6L372B2RJ6;
				INFOPLIST_FILE = "$(SRCROOT)/Dodam/Resource/Info.plist";
				LD_RUNPATH_SEARCH_PATHS = (
					"$(inherited)",
					"@executable_path/Frameworks",
				);
				PRODUCT_BUNDLE_IDENTIFIER = subin.Dodam;
				PRODUCT_NAME = "$(TARGET_NAME)";
				SWIFT_VERSION = 5.0;
				TARGETED_DEVICE_FAMILY = "1,2";
			};
			name = Release;
		};
		2BA107D226CAA44900E24A5E /* Debug */ = {
			isa = XCBuildConfiguration;
			baseConfigurationReference = 43C4EF238D6DC5F1475E64C8 /* Pods-DodamTests.debug.xcconfig */;
			buildSettings = {
				ALWAYS_EMBED_SWIFT_STANDARD_LIBRARIES = YES;
				BUNDLE_LOADER = "$(TEST_HOST)";
				CODE_SIGN_STYLE = Automatic;
				DEVELOPMENT_TEAM = 6L372B2RJ6;
				INFOPLIST_FILE = DodamTests/Info.plist;
				IPHONEOS_DEPLOYMENT_TARGET = 14.5;
				LD_RUNPATH_SEARCH_PATHS = (
					"$(inherited)",
					"@executable_path/Frameworks",
					"@loader_path/Frameworks",
				);
				PRODUCT_BUNDLE_IDENTIFIER = subin.DodamTests;
				PRODUCT_NAME = "$(TARGET_NAME)";
				SWIFT_VERSION = 5.0;
				TARGETED_DEVICE_FAMILY = "1,2";
				TEST_HOST = "$(BUILT_PRODUCTS_DIR)/Dodam.app/Dodam";
			};
			name = Debug;
		};
		2BA107D326CAA44900E24A5E /* Release */ = {
			isa = XCBuildConfiguration;
			baseConfigurationReference = 2F72BD56E147B99CE6A9357F /* Pods-DodamTests.release.xcconfig */;
			buildSettings = {
				ALWAYS_EMBED_SWIFT_STANDARD_LIBRARIES = YES;
				BUNDLE_LOADER = "$(TEST_HOST)";
				CODE_SIGN_STYLE = Automatic;
				DEVELOPMENT_TEAM = 6L372B2RJ6;
				INFOPLIST_FILE = DodamTests/Info.plist;
				IPHONEOS_DEPLOYMENT_TARGET = 14.5;
				LD_RUNPATH_SEARCH_PATHS = (
					"$(inherited)",
					"@executable_path/Frameworks",
					"@loader_path/Frameworks",
				);
				PRODUCT_BUNDLE_IDENTIFIER = subin.DodamTests;
				PRODUCT_NAME = "$(TARGET_NAME)";
				SWIFT_VERSION = 5.0;
				TARGETED_DEVICE_FAMILY = "1,2";
				TEST_HOST = "$(BUILT_PRODUCTS_DIR)/Dodam.app/Dodam";
			};
			name = Release;
		};
		2BA107D526CAA44900E24A5E /* Debug */ = {
			isa = XCBuildConfiguration;
			baseConfigurationReference = CB03FD02FDAE6F3F8C467320 /* Pods-Dodam-DodamUITests.debug.xcconfig */;
			buildSettings = {
				ALWAYS_EMBED_SWIFT_STANDARD_LIBRARIES = YES;
				CODE_SIGN_STYLE = Automatic;
				DEVELOPMENT_TEAM = 6L372B2RJ6;
				INFOPLIST_FILE = DodamUITests/Info.plist;
				LD_RUNPATH_SEARCH_PATHS = (
					"$(inherited)",
					"@executable_path/Frameworks",
					"@loader_path/Frameworks",
				);
				PRODUCT_BUNDLE_IDENTIFIER = subin.DodamUITests;
				PRODUCT_NAME = "$(TARGET_NAME)";
				SWIFT_VERSION = 5.0;
				TARGETED_DEVICE_FAMILY = "1,2";
				TEST_TARGET_NAME = Dodam;
			};
			name = Debug;
		};
		2BA107D626CAA44900E24A5E /* Release */ = {
			isa = XCBuildConfiguration;
			baseConfigurationReference = E13D0A3632B2FE4EC9980054 /* Pods-Dodam-DodamUITests.release.xcconfig */;
			buildSettings = {
				ALWAYS_EMBED_SWIFT_STANDARD_LIBRARIES = YES;
				CODE_SIGN_STYLE = Automatic;
				DEVELOPMENT_TEAM = 6L372B2RJ6;
				INFOPLIST_FILE = DodamUITests/Info.plist;
				LD_RUNPATH_SEARCH_PATHS = (
					"$(inherited)",
					"@executable_path/Frameworks",
					"@loader_path/Frameworks",
				);
				PRODUCT_BUNDLE_IDENTIFIER = subin.DodamUITests;
				PRODUCT_NAME = "$(TARGET_NAME)";
				SWIFT_VERSION = 5.0;
				TARGETED_DEVICE_FAMILY = "1,2";
				TEST_TARGET_NAME = Dodam;
			};
			name = Release;
		};
/* End XCBuildConfiguration section */

/* Begin XCConfigurationList section */
		2BA1079F26CAA44800E24A5E /* Build configuration list for PBXProject "Dodam" */ = {
			isa = XCConfigurationList;
			buildConfigurations = (
				2BA107CC26CAA44900E24A5E /* Debug */,
				2BA107CD26CAA44900E24A5E /* Release */,
			);
			defaultConfigurationIsVisible = 0;
			defaultConfigurationName = Release;
		};
		2BA107CE26CAA44900E24A5E /* Build configuration list for PBXNativeTarget "Dodam" */ = {
			isa = XCConfigurationList;
			buildConfigurations = (
				2BA107CF26CAA44900E24A5E /* Debug */,
				2BA107D026CAA44900E24A5E /* Release */,
			);
			defaultConfigurationIsVisible = 0;
			defaultConfigurationName = Release;
		};
		2BA107D126CAA44900E24A5E /* Build configuration list for PBXNativeTarget "DodamTests" */ = {
			isa = XCConfigurationList;
			buildConfigurations = (
				2BA107D226CAA44900E24A5E /* Debug */,
				2BA107D326CAA44900E24A5E /* Release */,
			);
			defaultConfigurationIsVisible = 0;
			defaultConfigurationName = Release;
		};
		2BA107D426CAA44900E24A5E /* Build configuration list for PBXNativeTarget "DodamUITests" */ = {
			isa = XCConfigurationList;
			buildConfigurations = (
				2BA107D526CAA44900E24A5E /* Debug */,
				2BA107D626CAA44900E24A5E /* Release */,
			);
			defaultConfigurationIsVisible = 0;
			defaultConfigurationName = Release;
		};
/* End XCConfigurationList section */
	};
	rootObject = 2BA1079C26CAA44800E24A5E /* Project object */;
}
